
Microsoft Visual Studio Solution File, Format Version 12.00
# Visual Studio Version 17
VisualStudioVersion = 17.0.31903.59
MinimumVisualStudioVersion = 10.0.40219.1
Project("{FAE04EC0-301F-11D3-BF4B-00C04F79EFBC}") = "AvtoTest.MVC", "AvtoTest.MVC\AvtoTest.MVC.csproj", "{68C6942D-DD81-416A-93E7-1021DDA12314}"
EndProject
Project("{FAE04EC0-301F-11D3-BF4B-00C04F79EFBC}") = "AvtoTest.Data", "AvtoTest.Data\AvtoTest.Data.csproj", "{B23C1480-FB26-4075-AA8F-EC0B8615A79E}"
EndProject
Project("{FAE04EC0-301F-11D3-BF4B-00C04F79EFBC}") = "AvtoTest.Services", "AvtoTest.Services\AvtoTest.Services.csproj", "{B6006052-91A9-478A-849E-7D5D51F92A21}"
EndProject
Global
	GlobalSection(SolutionConfigurationPlatforms) = preSolution
		Debug|Any CPU = Debug|Any CPU
		Release|Any CPU = Release|Any CPU
	EndGlobalSection
	GlobalSection(ProjectConfigurationPlatforms) = postSolution
		{68C6942D-DD81-416A-93E7-1021DDA12314}.Debug|Any CPU.ActiveCfg = Debug|Any CPU
		{68C6942D-DD81-416A-93E7-1021DDA12314}.Debug|Any CPU.Build.0 = Debug|Any CPU
		{68C6942D-DD81-416A-93E7-1021DDA12314}.Release|Any CPU.ActiveCfg = Release|Any CPU
		{68C6942D-DD81-416A-93E7-1021DDA12314}.Release|Any CPU.Build.0 = Release|Any CPU
		{B23C1480-FB26-4075-AA8F-EC0B8615A79E}.Debug|Any CPU.ActiveCfg = Debug|Any CPU
		{B23C1480-FB26-4075-AA8F-EC0B8615A79E}.Debug|Any CPU.Build.0 = Debug|Any CPU
		{B23C1480-FB26-4075-AA8F-EC0B8615A79E}.Release|Any CPU.ActiveCfg = Release|Any CPU
		{B23C1480-FB26-4075-AA8F-EC0B8615A79E}.Release|Any CPU.Build.0 = Release|Any CPU
		{B6006052-91A9-478A-849E-7D5D51F92A21}.Debug|Any CPU.ActiveCfg = Debug|Any CPU
		{B6006052-91A9-478A-849E-7D5D51F92A21}.Debug|Any CPU.Build.0 = Debug|Any CPU
		{B6006052-91A9-478A-849E-7D5D51F92A21}.Release|Any CPU.ActiveCfg = Release|Any CPU
		{B6006052-91A9-478A-849E-7D5D51F92A21}.Release|Any CPU.Build.0 = Release|Any CPU
	EndGlobalSection
	GlobalSection(SolutionProperties) = preSolution
		HideSolutionNode = FALSE
	EndGlobalSection
	GlobalSection(ExtensibilityGlobals) = postSolution
		SolutionGuid = {83E41E83-61DA-4F36-B499-0AA88DCADF88}
	EndGlobalSection
EndGlobal
